<?xml version="1.0" encoding="utf-8"?>
<Project ToolsVersion="4.0" xmlns="http://schemas.microsoft.com/developer/msbuild/2003">
  <ItemGroup>
    <ClCompile Include="..\commands\command_help.cpp">
      <Filter>Source Files\commands</Filter>
    </ClCompile>
    <ClCompile Include="..\sdk\amxxmodule.cpp">
      <Filter>Module SDK\SDK Base</Filter>
    </ClCompile>
    <ClCompile Include="..\function.cpp">
      <Filter>Source Files</Filter>
    </ClCompile>
    <ClCompile Include="..\globals.cpp">
      <Filter>Source Files</Filter>
    </ClCompile>
    <ClCompile Include="..\hl_type_conversion.cpp">
      <Filter>Source Files</Filter>
    </ClCompile>
    <ClCompile Include="..\my_util.cpp">
      <Filter>Source Files</Filter>
    </ClCompile>
    <ClCompile Include="..\offset_handler.cpp">
      <Filter>Source Files</Filter>
    </ClCompile>
    <ClCompile Include="..\okapi.cpp">
      <Filter>Source Files</Filter>
    </ClCompile>
    <ClCompile Include="..\s_library.cpp">
      <Filter>Source Files</Filter>
    </ClCompile>
    <ClCompile Include="..\work.cpp">
      <Filter>Source Files</Filter>
    </ClCompile>
    <ClCompile Include="..\trie.cpp">
      <Filter>Source Files</Filter>
    </ClCompile>
    <ClCompile Include="..\trie_string.cpp">
      <Filter>Source Files</Filter>
    </ClCompile>
  </ItemGroup>
  <ItemGroup>
    <ClInclude Include="..\include\work.h">
      <Filter>Header Files</Filter>
    </ClInclude>
    <ClInclude Include="..\include\my_util.h">
      <Filter>Header Files</Filter>
    </ClInclude>
    <ClInclude Include="..\include\CVector.h">
      <Filter>Header Files</Filter>
    </ClInclude>
    <ClInclude Include="..\include\s_library.h">
      <Filter>Header Files</Filter>
    </ClInclude>
    <ClInclude Include="..\include\game_library.h">
      <Filter>Header Files</Filter>
    </ClInclude>
    <ClInclude Include="..\include\heap.h">
      <Filter>Header Files</Filter>
    </ClInclude>
    <ClInclude Include="..\include\trie.h">
      <Filter>Header Files</Filter>
    </ClInclude>
    <ClInclude Include="..\include\string_.h">
      <Filter>Header Files</Filter>
    </ClInclude>
    <ClInclude Include="..\include\trie_string.h">
      <Filter>Header Files</Filter>
    </ClInclude>
    <ClInclude Include="..\include\command.h">
      <Filter>Header Files</Filter>
    </ClInclude>
    <ClInclude Include="..\include\commands\command_help.h">
      <Filter>Header Files\commands</Filter>
    </ClInclude>
    <ClInclude Include="..\include\globals.h">
      <Filter>Header Files</Filter>
    </ClInclude>
    <ClInclude Include="..\templates.h">
      <Filter>Header Files</Filter>
    </ClInclude>
    <ClInclude Include="..\include\memory_.h">
      <Filter>Header Files</Filter>
    </ClInclude>
    <ClInclude Include="..\include\offset_handler.h">
      <Filter>Header Files</Filter>
    </ClInclude>
    <ClInclude Include="..\include\hl_type_conversion.h">
      <Filter>Header Files</Filter>
    </ClInclude>
    <ClInclude Include="..\include\fakemeta_const_to_address.h">
      <Filter>Header Files</Filter>
    </ClInclude>
    <ClInclude Include="..\include\fakemeta_const.h">
      <Filter>Header Files</Filter>
    </ClInclude>
    <ClInclude Include="..\include\function.h">
      <Filter>Header Files</Filter>
    </ClInclude>
    <ClInclude Include="..\include\type_handler.h">
      <Filter>Header Files</Filter>
    </ClInclude>
    <ClInclude Include="..\include\assembly_create.h">
      <Filter>Header Files</Filter>
    </ClInclude>
    <ClInclude Include="..\include\type_handlers\type_handler_extra.h">
      <Filter>Header Files\type_handlers</Filter>
    </ClInclude>
    <ClInclude Include="..\include\allocator.h">
      <Filter>Header Files</Filter>
    </ClInclude>
    <ClInclude Include="..\include\okapi.h">
      <Filter>Header Files</Filter>
    </ClInclude>
    <ClInclude Include="..\include\game_libraries\game_library_engine.h">
      <Filter>Header Files\game_libraries</Filter>
    </ClInclude>
    <ClInclude Include="..\include\game_libraries\game_library_mod.h">
      <Filter>Header Files\game_libraries</Filter>
    </ClInclude>
    <ClInclude Include="..\sdk\amxxmodule.h">
      <Filter>Module SDK\SDK Base</Filter>
    </ClInclude>
    <ClInclude Include="..\sdk\moduleconfig.h">
      <Filter>Module SDK</Filter>
    </ClInclude>
  </ItemGroup>
  <ItemGroup>
    <Filter Include="Header Files">
      <UniqueIdentifier>{eb37090f-4c71-498d-9822-51116484fec9}</UniqueIdentifier>
    </Filter>
    <Filter Include="Header Files\commands">
      <UniqueIdentifier>{95dbac9d-012d-48a6-b7f0-ca3663abd1ac}</UniqueIdentifier>
    </Filter>
    <Filter Include="Header Files\type_handlers">
      <UniqueIdentifier>{faf33221-0a0f-4843-a616-4a27094b49d5}</UniqueIdentifier>
    </Filter>
    <Filter Include="Header Files\game_libraries">
      <UniqueIdentifier>{2b2de3e1-51af-4283-8078-654c5b35d706}</UniqueIdentifier>
    </Filter>
    <Filter Include="Module SDK">
      <UniqueIdentifier>{1ea98e5c-ade6-4063-9103-c8f1b3a0015c}</UniqueIdentifier>
    </Filter>
    <Filter Include="Module SDK\SDK Base">
      <UniqueIdentifier>{27d07ff0-84e7-45bb-8e66-8e4b48d358a9}</UniqueIdentifier>
    </Filter>
    <Filter Include="Source Files">
      <UniqueIdentifier>{2352039f-ee08-4389-9bfe-25e78ba2696a}</UniqueIdentifier>
    </Filter>
    <Filter Include="Source Files\commands">
      <UniqueIdentifier>{66f421d5-c5d8-4653-936d-850f771543d0}</UniqueIdentifier>
    </Filter>
    <Filter Include="Pawn Includes">
      <UniqueIdentifier>{8e41d30e-8208-48fa-a3e1-47dd96179e7d}</UniqueIdentifier>
    </Filter>
  </ItemGroup>
  <ItemGroup>
    <None Include="..\plugins\okapi.inc">
      <Filter>Pawn Includes</Filter>
    </None>
    <None Include="..\plugins\okapi_const.inc">
      <Filter>Pawn Includes</Filter>
    </None>
    <None Include="..\plugins\okapi_extra.inc">
      <Filter>Pawn Includes</Filter>
    </None>
  </ItemGroup>
</Project>